
Microsoft Visual Studio Solution File, Format Version 12.00
# Visual Studio Version 17
VisualStudioVersion = 17.6.33829.357
MinimumVisualStudioVersion = 10.0.40219.1
Project("{FAE04EC0-301F-11D3-BF4B-00C04F79EFBC}") = "sandbox-c-sharp", "sandbox-c-sharp\sandbox-c-sharp.csproj", "{C4FD46CC-4A26-49A9-B8D1-FB19FF9E5042}"
EndProject
Project("{FAE04EC0-301F-11D3-BF4B-00C04F79EFBC}") = "sandbox-c-sharp-xunit", "sandbox-c-sharp-xunit\sandbox-c-sharp-xunit.csproj", "{E0F6CA32-5F7B-4FBA-85B0-9B8764E8B760}"
EndProject
Global
	GlobalSection(SolutionConfigurationPlatforms) = preSolution
		Debug|Any CPU = Debug|Any CPU
		Release|Any CPU = Release|Any CPU
	EndGlobalSection
	GlobalSection(ProjectConfigurationPlatforms) = postSolution
		{C4FD46CC-4A26-49A9-B8D1-FB19FF9E5042}.Debug|Any CPU.ActiveCfg = Debug|Any CPU
		{C4FD46CC-4A26-49A9-B8D1-FB19FF9E5042}.Debug|Any CPU.Build.0 = Debug|Any CPU
		{C4FD46CC-4A26-49A9-B8D1-FB19FF9E5042}.Release|Any CPU.ActiveCfg = Release|Any CPU
		{C4FD46CC-4A26-49A9-B8D1-FB19FF9E5042}.Release|Any CPU.Build.0 = Release|Any CPU
		{E0F6CA32-5F7B-4FBA-85B0-9B8764E8B760}.Debug|Any CPU.ActiveCfg = Debug|Any CPU
		{E0F6CA32-5F7B-4FBA-85B0-9B8764E8B760}.Debug|Any CPU.Build.0 = Debug|Any CPU
		{E0F6CA32-5F7B-4FBA-85B0-9B8764E8B760}.Release|Any CPU.ActiveCfg = Release|Any CPU
		{E0F6CA32-5F7B-4FBA-85B0-9B8764E8B760}.Release|Any CPU.Build.0 = Release|Any CPU
	EndGlobalSection
	GlobalSection(SolutionProperties) = preSolution
		HideSolutionNode = FALSE
	EndGlobalSection
	GlobalSection(ExtensibilityGlobals) = postSolution
		SolutionGuid = {7E631DE5-DD9F-4421-8D0B-134AEB24F35F}
	EndGlobalSection
EndGlobal
